
Microsoft Visual Studio Solution File, Format Version 12.00
# Visual Studio Version 16
VisualStudioVersion = 16.0.30907.101
MinimumVisualStudioVersion = 10.0.40219.1
Project("{FAE04EC0-301F-11D3-BF4B-00C04F79EFBC}") = "Array_linear_search", "Array_linear_search\Array_linear_search.csproj", "{46F53C06-F2C6-4126-82B7-BE78ECB15ED8}"
EndProject
Global
	GlobalSection(SolutionConfigurationPlatforms) = preSolution
		Debug|Any CPU = Debug|Any CPU
		Release|Any CPU = Release|Any CPU
	EndGlobalSection
	GlobalSection(ProjectConfigurationPlatforms) = postSolution
		{46F53C06-F2C6-4126-82B7-BE78ECB15ED8}.Debug|Any CPU.ActiveCfg = Debug|Any CPU
		{46F53C06-F2C6-4126-82B7-BE78ECB15ED8}.Debug|Any CPU.Build.0 = Debug|Any CPU
		{46F53C06-F2C6-4126-82B7-BE78ECB15ED8}.Release|Any CPU.ActiveCfg = Release|Any CPU
		{46F53C06-F2C6-4126-82B7-BE78ECB15ED8}.Release|Any CPU.Build.0 = Release|Any CPU
	EndGlobalSection
	GlobalSection(SolutionProperties) = preSolution
		HideSolutionNode = FALSE
	EndGlobalSection
	GlobalSection(ExtensibilityGlobals) = postSolution
		SolutionGuid = {080CD267-AD91-43FA-9E2B-E191CF378915}
	EndGlobalSection
EndGlobal
